
Microsoft Visual Studio Solution File, Format Version 12.00
# Visual Studio Version 17
VisualStudioVersion = 17.5.33516.290
MinimumVisualStudioVersion = 10.0.40219.1
Project("{FAE04EC0-301F-11D3-BF4B-00C04F79EFBC}") = "Bundles", "Bundles.csproj", "{32FB2CCB-E74E-4DCE-9C58-4E5FF26DE689}"
EndProject
Global
	GlobalSection(SolutionConfigurationPlatforms) = preSolution
		Debug|Any CPU = Debug|Any CPU
		Debug|x64 = Debug|x64
		Release|Any CPU = Release|Any CPU
		Release|x64 = Release|x64
	EndGlobalSection
	GlobalSection(ProjectConfigurationPlatforms) = postSolution
		{32FB2CCB-E74E-4DCE-9C58-4E5FF26DE689}.Debug|Any CPU.ActiveCfg = Debug|Any CPU
		{32FB2CCB-E74E-4DCE-9C58-4E5FF26DE689}.Debug|Any CPU.Build.0 = Debug|Any CPU
		{32FB2CCB-E74E-4DCE-9C58-4E5FF26DE689}.Debug|x64.ActiveCfg = Debug|x64
		{32FB2CCB-E74E-4DCE-9C58-4E5FF26DE689}.Debug|x64.Build.0 = Debug|x64
		{32FB2CCB-E74E-4DCE-9C58-4E5FF26DE689}.Release|Any CPU.ActiveCfg = Release|Any CPU
		{32FB2CCB-E74E-4DCE-9C58-4E5FF26DE689}.Release|Any CPU.Build.0 = Release|Any CPU
		{32FB2CCB-E74E-4DCE-9C58-4E5FF26DE689}.Release|x64.ActiveCfg = Release|x64
		{32FB2CCB-E74E-4DCE-9C58-4E5FF26DE689}.Release|x64.Build.0 = Release|x64
	EndGlobalSection
	GlobalSection(SolutionProperties) = preSolution
		HideSolutionNode = FALSE
	EndGlobalSection
	GlobalSection(ExtensibilityGlobals) = postSolution
		SolutionGuid = {4D3E7228-79AF-41DB-B4AC-098B40854AE7}
	EndGlobalSection
EndGlobal
